
Microsoft Visual Studio Solution File, Format Version 12.00
# Visual Studio Version 16
VisualStudioVersion = 16.0.31727.386
MinimumVisualStudioVersion = 10.0.40219.1
Project("{FAE04EC0-301F-11D3-BF4B-00C04F79EFBC}") = "Console digit converter", "Console digit converter.csproj", "{8C030056-DC2B-47C2-B401-345DCD760DC0}"
EndProject
Global
	GlobalSection(SolutionConfigurationPlatforms) = preSolution
		Debug|Any CPU = Debug|Any CPU
		Release|Any CPU = Release|Any CPU
	EndGlobalSection
	GlobalSection(ProjectConfigurationPlatforms) = postSolution
		{8C030056-DC2B-47C2-B401-345DCD760DC0}.Debug|Any CPU.ActiveCfg = Debug|Any CPU
		{8C030056-DC2B-47C2-B401-345DCD760DC0}.Debug|Any CPU.Build.0 = Debug|Any CPU
		{8C030056-DC2B-47C2-B401-345DCD760DC0}.Release|Any CPU.ActiveCfg = Release|Any CPU
		{8C030056-DC2B-47C2-B401-345DCD760DC0}.Release|Any CPU.Build.0 = Release|Any CPU
	EndGlobalSection
	GlobalSection(SolutionProperties) = preSolution
		HideSolutionNode = FALSE
	EndGlobalSection
	GlobalSection(ExtensibilityGlobals) = postSolution
		SolutionGuid = {72AE5963-9E3F-4AA6-B304-6416AFB76EF6}
	EndGlobalSection
EndGlobal
