
Microsoft Visual Studio Solution File, Format Version 12.00
# Visual Studio Version 16
VisualStudioVersion = 16.0.30114.105
MinimumVisualStudioVersion = 10.0.40219.1
Project("{9A19103F-16F7-4668-BE54-9A1E7A4F7556}") = "Pages", "Pages\Pages.csproj", "{2C149C2D-AD2B-45B2-B1D2-BEE17BA65142}"
EndProject
Project("{9A19103F-16F7-4668-BE54-9A1E7A4F7556}") = "Tests", "Tests\Tests.csproj", "{8651130A-04BC-46D4-8214-201ED3850BAC}"
EndProject
Global
	GlobalSection(SolutionConfigurationPlatforms) = preSolution
		Debug|Any CPU = Debug|Any CPU
		Debug|x64 = Debug|x64
		Debug|x86 = Debug|x86
		Release|Any CPU = Release|Any CPU
		Release|x64 = Release|x64
		Release|x86 = Release|x86
	EndGlobalSection
	GlobalSection(ProjectConfigurationPlatforms) = postSolution
		{2C149C2D-AD2B-45B2-B1D2-BEE17BA65142}.Debug|Any CPU.ActiveCfg = Debug|Any CPU
		{2C149C2D-AD2B-45B2-B1D2-BEE17BA65142}.Debug|Any CPU.Build.0 = Debug|Any CPU
		{2C149C2D-AD2B-45B2-B1D2-BEE17BA65142}.Debug|x64.ActiveCfg = Debug|Any CPU
		{2C149C2D-AD2B-45B2-B1D2-BEE17BA65142}.Debug|x64.Build.0 = Debug|Any CPU
		{2C149C2D-AD2B-45B2-B1D2-BEE17BA65142}.Debug|x86.ActiveCfg = Debug|Any CPU
		{2C149C2D-AD2B-45B2-B1D2-BEE17BA65142}.Debug|x86.Build.0 = Debug|Any CPU
		{2C149C2D-AD2B-45B2-B1D2-BEE17BA65142}.Release|Any CPU.ActiveCfg = Release|Any CPU
		{2C149C2D-AD2B-45B2-B1D2-BEE17BA65142}.Release|Any CPU.Build.0 = Release|Any CPU
		{2C149C2D-AD2B-45B2-B1D2-BEE17BA65142}.Release|x64.ActiveCfg = Release|Any CPU
		{2C149C2D-AD2B-45B2-B1D2-BEE17BA65142}.Release|x64.Build.0 = Release|Any CPU
		{2C149C2D-AD2B-45B2-B1D2-BEE17BA65142}.Release|x86.ActiveCfg = Release|Any CPU
		{2C149C2D-AD2B-45B2-B1D2-BEE17BA65142}.Release|x86.Build.0 = Release|Any CPU
		{8651130A-04BC-46D4-8214-201ED3850BAC}.Debug|Any CPU.ActiveCfg = Debug|Any CPU
		{8651130A-04BC-46D4-8214-201ED3850BAC}.Debug|Any CPU.Build.0 = Debug|Any CPU
		{8651130A-04BC-46D4-8214-201ED3850BAC}.Debug|x64.ActiveCfg = Debug|Any CPU
		{8651130A-04BC-46D4-8214-201ED3850BAC}.Debug|x64.Build.0 = Debug|Any CPU
		{8651130A-04BC-46D4-8214-201ED3850BAC}.Debug|x86.ActiveCfg = Debug|Any CPU
		{8651130A-04BC-46D4-8214-201ED3850BAC}.Debug|x86.Build.0 = Debug|Any CPU
		{8651130A-04BC-46D4-8214-201ED3850BAC}.Release|Any CPU.ActiveCfg = Release|Any CPU
		{8651130A-04BC-46D4-8214-201ED3850BAC}.Release|Any CPU.Build.0 = Release|Any CPU
		{8651130A-04BC-46D4-8214-201ED3850BAC}.Release|x64.ActiveCfg = Release|Any CPU
		{8651130A-04BC-46D4-8214-201ED3850BAC}.Release|x64.Build.0 = Release|Any CPU
		{8651130A-04BC-46D4-8214-201ED3850BAC}.Release|x86.ActiveCfg = Release|Any CPU
		{8651130A-04BC-46D4-8214-201ED3850BAC}.Release|x86.Build.0 = Release|Any CPU
	EndGlobalSection
	GlobalSection(SolutionProperties) = preSolution
		HideSolutionNode = FALSE
	EndGlobalSection
	GlobalSection(ExtensibilityGlobals) = postSolution
		SolutionGuid = {14FEA7B0-B240-4B00-AA46-7EAFDD688FBD}
	EndGlobalSection
EndGlobal
